
Microsoft Visual Studio Solution File, Format Version 12.00
# Visual Studio Version 16
VisualStudioVersion = 16.0.32428.217
MinimumVisualStudioVersion = 10.0.40219.1
Project("{FAE04EC0-301F-11D3-BF4B-00C04F79EFBC}") = "Nullable", "Nullable\Nullable.csproj", "{CDC6ED9A-5E23-4949-8A58-B80F1A5AB74E}"
EndProject
Global
	GlobalSection(SolutionConfigurationPlatforms) = preSolution
		Debug|Any CPU = Debug|Any CPU
		Release|Any CPU = Release|Any CPU
	EndGlobalSection
	GlobalSection(ProjectConfigurationPlatforms) = postSolution
		{CDC6ED9A-5E23-4949-8A58-B80F1A5AB74E}.Debug|Any CPU.ActiveCfg = Debug|Any CPU
		{CDC6ED9A-5E23-4949-8A58-B80F1A5AB74E}.Debug|Any CPU.Build.0 = Debug|Any CPU
		{CDC6ED9A-5E23-4949-8A58-B80F1A5AB74E}.Release|Any CPU.ActiveCfg = Release|Any CPU
		{CDC6ED9A-5E23-4949-8A58-B80F1A5AB74E}.Release|Any CPU.Build.0 = Release|Any CPU
	EndGlobalSection
	GlobalSection(SolutionProperties) = preSolution
		HideSolutionNode = FALSE
	EndGlobalSection
	GlobalSection(ExtensibilityGlobals) = postSolution
		SolutionGuid = {836F8C85-03E8-4058-BF15-051648A81ADF}
	EndGlobalSection
EndGlobal
